
Microsoft Visual Studio Solution File, Format Version 12.00
# Visual Studio 2012
Project("{FAE04EC0-301F-11D3-BF4B-00C04F79EFBC}") = "GetStarted", "GetStarted.csproj", "{F9FDE6EF-9735-4A9F-A9B9-209A0DF72940}"
EndProject
Global
	GlobalSection(SolutionConfigurationPlatforms) = preSolution
		Debug|Any CPU = Debug|Any CPU
		Release|Any CPU = Release|Any CPU
	EndGlobalSection
	GlobalSection(ProjectConfigurationPlatforms) = postSolution
		{F9FDE6EF-9735-4A9F-A9B9-209A0DF72940}.Debug|Any CPU.ActiveCfg = Debug|Any CPU
		{F9FDE6EF-9735-4A9F-A9B9-209A0DF72940}.Debug|Any CPU.Build.0 = Debug|Any CPU
		{F9FDE6EF-9735-4A9F-A9B9-209A0DF72940}.Release|Any CPU.ActiveCfg = Release|Any CPU
		{F9FDE6EF-9735-4A9F-A9B9-209A0DF72940}.Release|Any CPU.Build.0 = Release|Any CPU
	EndGlobalSection
	GlobalSection(SolutionProperties) = preSolution
		HideSolutionNode = FALSE
	EndGlobalSection
EndGlobal
